// !$*UTF8*$!
{
	archiveVersion = 1;
	classes = {
	};
	objectVersion = 50;
	objects = {

/* Begin PBXBuildFile section */
		6800C54E22E880DD00E230BC /* UdacityAPI.swift in Sources */ = {isa = PBXBuildFile; fileRef = 6800C54D22E880DD00E230BC /* UdacityAPI.swift */; };
		6800C55022E8811E00E230BC /* Shareable.swift in Sources */ = {isa = PBXBuildFile; fileRef = 6800C54F22E8811E00E230BC /* Shareable.swift */; };
		6800C55222E8814100E230BC /* StudenLocation.swift in Sources */ = {isa = PBXBuildFile; fileRef = 6800C55122E8814100E230BC /* StudenLocation.swift */; };
		6800C55622E8838700E230BC /* LoginVC.swift in Sources */ = {isa = PBXBuildFile; fileRef = 6800C55522E8838700E230BC /* LoginVC.swift */; };
		6867C1E122E0A60800736B9E /* AppDelegate.swift in Sources */ = {isa = PBXBuildFile; fileRef = 6867C1E022E0A60800736B9E /* AppDelegate.swift */; };
		6867C1E322E0A60800736B9E /* ViewController.swift in Sources */ = {isa = PBXBuildFile; fileRef = 6867C1E222E0A60800736B9E /* ViewController.swift */; };
		6867C1E622E0A60800736B9E /* Main.storyboard in Resources */ = {isa = PBXBuildFile; fileRef = 6867C1E422E0A60800736B9E /* Main.storyboard */; };
		6867C1E822E0A60800736B9E /* Assets.xcassets in Resources */ = {isa = PBXBuildFile; fileRef = 6867C1E722E0A60800736B9E /* Assets.xcassets */; };
		6867C1EB22E0A60800736B9E /* LaunchScreen.storyboard in Resources */ = {isa = PBXBuildFile; fileRef = 6867C1E922E0A60800736B9E /* LaunchScreen.storyboard */; };
		6867C1F622E0B91000736B9E /* MapVC.swift in Sources */ = {isa = PBXBuildFile; fileRef = 6867C1F522E0B91000736B9E /* MapVC.swift */; };
		6867C1F822E0B93D00736B9E /* PhotoCollectionVC.swift in Sources */ = {isa = PBXBuildFile; fileRef = 6867C1F722E0B93D00736B9E /* PhotoCollectionVC.swift */; };
		6867C1FA22E0BA0400736B9E /* Cell.swift in Sources */ = {isa = PBXBuildFile; fileRef = 6867C1F922E0BA0400736B9E /* Cell.swift */; };
		6867C1FC22E0BDF900736B9E /* CustomIV.swift in Sources */ = {isa = PBXBuildFile; fileRef = 6867C1FB22E0BDF900736B9E /* CustomIV.swift */; };
		6867C1FF22E0C68400736B9E /* VTDataModel.xcdatamodeld in Sources */ = {isa = PBXBuildFile; fileRef = 6867C1FD22E0C68400736B9E /* VTDataModel.xcdatamodeld */; };
		6867C20122E3913900736B9E /* DataController.swift in Sources */ = {isa = PBXBuildFile; fileRef = 6867C20022E3913900736B9E /* DataController.swift */; };
		6867C20722E39AF000736B9E /* Extentions.swift in Sources */ = {isa = PBXBuildFile; fileRef = 6867C20622E39AF000736B9E /* Extentions.swift */; };
		6867C20922E39C4E00736B9E /* FlickerAPI.swift in Sources */ = {isa = PBXBuildFile; fileRef = 6867C20822E39C4D00736B9E /* FlickerAPI.swift */; };
		6867C20B22E39E6D00736B9E /* Constants.swift in Sources */ = {isa = PBXBuildFile; fileRef = 6867C20A22E39E6D00736B9E /* Constants.swift */; };
/* End PBXBuildFile section */

/* Begin PBXFileReference section */
		6800C54D22E880DD00E230BC /* UdacityAPI.swift */ = {isa = PBXFileReference; lastKnownFileType = sourcecode.swift; path = UdacityAPI.swift; sourceTree = "<group>"; };
		6800C54F22E8811E00E230BC /* Shareable.swift */ = {isa = PBXFileReference; lastKnownFileType = sourcecode.swift; path = Shareable.swift; sourceTree = "<group>"; };
		6800C55122E8814100E230BC /* StudenLocation.swift */ = {isa = PBXFileReference; lastKnownFileType = sourcecode.swift; path = StudenLocation.swift; sourceTree = "<group>"; };
		6800C55522E8838700E230BC /* LoginVC.swift */ = {isa = PBXFileReference; lastKnownFileType = sourcecode.swift; path = LoginVC.swift; sourceTree = "<group>"; };
		6867C1DD22E0A60800736B9E /* Virtual_Tourist_1.0.app */ = {isa = PBXFileReference; explicitFileType = wrapper.application; includeInIndex = 0; path = Virtual_Tourist_1.0.app; sourceTree = BUILT_PRODUCTS_DIR; };
		6867C1E022E0A60800736B9E /* AppDelegate.swift */ = {isa = PBXFileReference; lastKnownFileType = sourcecode.swift; path = AppDelegate.swift; sourceTree = "<group>"; };
		6867C1E222E0A60800736B9E /* ViewController.swift */ = {isa = PBXFileReference; lastKnownFileType = sourcecode.swift; path = ViewController.swift; sourceTree = "<group>"; };
		6867C1E522E0A60800736B9E /* Base */ = {isa = PBXFileReference; lastKnownFileType = file.storyboard; name = Base; path = Base.lproj/Main.storyboard; sourceTree = "<group>"; };
		6867C1E722E0A60800736B9E /* Assets.xcassets */ = {isa = PBXFileReference; lastKnownFileType = folder.assetcatalog; path = Assets.xcassets; sourceTree = "<group>"; };
		6867C1EA22E0A60800736B9E /* Base */ = {isa = PBXFileReference; lastKnownFileType = file.storyboard; name = Base; path = Base.lproj/LaunchScreen.storyboard; sourceTree = "<group>"; };
		6867C1EC22E0A60800736B9E /* Info.plist */ = {isa = PBXFileReference; lastKnownFileType = text.plist.xml; path = Info.plist; sourceTree = "<group>"; };
		6867C1F522E0B91000736B9E /* MapVC.swift */ = {isa = PBXFileReference; lastKnownFileType = sourcecode.swift; path = MapVC.swift; sourceTree = "<group>"; };
		6867C1F722E0B93D00736B9E /* PhotoCollectionVC.swift */ = {isa = PBXFileReference; lastKnownFileType = sourcecode.swift; path = PhotoCollectionVC.swift; sourceTree = "<group>"; };
		6867C1F922E0BA0400736B9E /* Cell.swift */ = {isa = PBXFileReference; lastKnownFileType = sourcecode.swift; path = Cell.swift; sourceTree = "<group>"; };
		6867C1FB22E0BDF900736B9E /* CustomIV.swift */ = {isa = PBXFileReference; lastKnownFileType = sourcecode.swift; path = CustomIV.swift; sourceTree = "<group>"; };
		6867C1FE22E0C68400736B9E /* VTDataModel.xcdatamodel */ = {isa = PBXFileReference; lastKnownFileType = wrapper.xcdatamodel; path = VTDataModel.xcdatamodel; sourceTree = "<group>"; };
		6867C20022E3913900736B9E /* DataController.swift */ = {isa = PBXFileReference; lastKnownFileType = sourcecode.swift; path = DataController.swift; sourceTree = "<group>"; };
		6867C20622E39AF000736B9E /* Extentions.swift */ = {isa = PBXFileReference; lastKnownFileType = sourcecode.swift; path = Extentions.swift; sourceTree = "<group>"; };
		6867C20822E39C4D00736B9E /* FlickerAPI.swift */ = {isa = PBXFileReference; lastKnownFileType = sourcecode.swift; path = FlickerAPI.swift; sourceTree = "<group>"; };
		6867C20A22E39E6D00736B9E /* Constants.swift */ = {isa = PBXFileReference; lastKnownFileType = sourcecode.swift; path = Constants.swift; sourceTree = "<group>"; };
/* End PBXFileReference section */

/* Begin PBXFrameworksBuildPhase section */
		6867C1DA22E0A60800736B9E /* Frameworks */ = {
			isa = PBXFrameworksBuildPhase;
			buildActionMask = 2147483647;
			files = (
			);
			runOnlyForDeploymentPostprocessing = 0;
		};
/* End PBXFrameworksBuildPhase section */

/* Begin PBXGroup section */
		6867C1D422E0A60800736B9E = {
			isa = PBXGroup;
			children = (
				6867C1DF22E0A60800736B9E /* Virtual_Tourist_1.0 */,
				6867C1DE22E0A60800736B9E /* Products */,
			);
			sourceTree = "<group>";
		};
		6867C1DE22E0A60800736B9E /* Products */ = {
			isa = PBXGroup;
			children = (
				6867C1DD22E0A60800736B9E /* Virtual_Tourist_1.0.app */,
			);
			name = Products;
			sourceTree = "<group>";
		};
		6867C1DF22E0A60800736B9E /* Virtual_Tourist_1.0 */ = {
			isa = PBXGroup;
			children = (
				6867C1F422E0B8CD00736B9E /* Controller */,
				6867C1F322E0B8C600736B9E /* View */,
				6867C1F222E0B8B700736B9E /* Model */,
				6867C1E022E0A60800736B9E /* AppDelegate.swift */,
				6867C1E222E0A60800736B9E /* ViewController.swift */,
				6867C1E422E0A60800736B9E /* Main.storyboard */,
				6867C1E722E0A60800736B9E /* Assets.xcassets */,
				6867C1E922E0A60800736B9E /* LaunchScreen.storyboard */,
				6867C1EC22E0A60800736B9E /* Info.plist */,
			);
			path = Virtual_Tourist_1.0;
			sourceTree = "<group>";
		};
		6867C1F222E0B8B700736B9E /* Model */ = {
			isa = PBXGroup;
			children = (
				6867C20822E39C4D00736B9E /* FlickerAPI.swift */,
				6867C20A22E39E6D00736B9E /* Constants.swift */,
				6867C1FD22E0C68400736B9E /* VTDataModel.xcdatamodeld */,
				6867C20022E3913900736B9E /* DataController.swift */,
				6867C20622E39AF000736B9E /* Extentions.swift */,
				6800C54D22E880DD00E230BC /* UdacityAPI.swift */,
				6800C54F22E8811E00E230BC /* Shareable.swift */,
				6800C55122E8814100E230BC /* StudenLocation.swift */,
			);
			path = Model;
			sourceTree = "<group>";
		};
		6867C1F322E0B8C600736B9E /* View */ = {
			isa = PBXGroup;
			children = (
				6867C1F922E0BA0400736B9E /* Cell.swift */,
				6867C1FB22E0BDF900736B9E /* CustomIV.swift */,
			);
			path = View;
			sourceTree = "<group>";
		};
		6867C1F422E0B8CD00736B9E /* Controller */ = {
			isa = PBXGroup;
			children = (
				6867C1F522E0B91000736B9E /* MapVC.swift */,
				6867C1F722E0B93D00736B9E /* PhotoCollectionVC.swift */,
				6800C55522E8838700E230BC /* LoginVC.swift */,
			);
			name = Controller;
			sourceTree = "<group>";
		};
/* End PBXGroup section */

/* Begin PBXNativeTarget section */
		6867C1DC22E0A60800736B9E /* Virtual_Tourist_1.0 */ = {
			isa = PBXNativeTarget;
			buildConfigurationList = 6867C1EF22E0A60800736B9E /* Build configuration list for PBXNativeTarget "Virtual_Tourist_1.0" */;
			buildPhases = (
				6867C1D922E0A60800736B9E /* Sources */,
				6867C1DA22E0A60800736B9E /* Frameworks */,
				6867C1DB22E0A60800736B9E /* Resources */,
			);
			buildRules = (
			);
			dependencies = (
			);
			name = Virtual_Tourist_1.0;
			productName = Virtual_Tourist_1.0;
			productReference = 6867C1DD22E0A60800736B9E /* Virtual_Tourist_1.0.app */;
			productType = "com.apple.product-type.application";
		};
/* End PBXNativeTarget section */

/* Begin PBXProject section */
		6867C1D522E0A60800736B9E /* Project object */ = {
			isa = PBXProject;
			attributes = {
				LastSwiftUpdateCheck = 1020;
				LastUpgradeCheck = 1020;
				ORGANIZATIONNAME = "maher malibari";
				TargetAttributes = {
					6867C1DC22E0A60800736B9E = {
						CreatedOnToolsVersion = 10.2.1;
					};
				};
			};
			buildConfigurationList = 6867C1D822E0A60800736B9E /* Build configuration list for PBXProject "Virtual_Tourist_1.0" */;
			compatibilityVersion = "Xcode 9.3";
			developmentRegion = en;
			hasScannedForEncodings = 0;
			knownRegions = (
				en,
				Base,
			);
			mainGroup = 6867C1D422E0A60800736B9E;
			productRefGroup = 6867C1DE22E0A60800736B9E /* Products */;
			projectDirPath = "";
			projectRoot = "";
			targets = (
				6867C1DC22E0A60800736B9E /* Virtual_Tourist_1.0 */,
			);
		};
/* End PBXProject section */

/* Begin PBXResourcesBuildPhase section */
		6867C1DB22E0A60800736B9E /* Resources */ = {
			isa = PBXResourcesBuildPhase;
			buildActionMask = 2147483647;
			files = (
				6867C1EB22E0A60800736B9E /* LaunchScreen.storyboard in Resources */,
				6867C1E822E0A60800736B9E /* Assets.xcassets in Resources */,
				6867C1E622E0A60800736B9E /* Main.storyboard in Resources */,
			);
			runOnlyForDeploymentPostprocessing = 0;
		};
/* End PBXResourcesBuildPhase section */

/* Begin PBXSourcesBuildPhase section */
		6867C1D922E0A60800736B9E /* Sources */ = {
			isa = PBXSourcesBuildPhase;
			buildActionMask = 2147483647;
			files = (
				6867C1E322E0A60800736B9E /* ViewController.swift in Sources */,
				6867C20B22E39E6D00736B9E /* Constants.swift in Sources */,
				6867C1FC22E0BDF900736B9E /* CustomIV.swift in Sources */,
				6867C20722E39AF000736B9E /* Extentions.swift in Sources */,
				6867C1FF22E0C68400736B9E /* VTDataModel.xcdatamodeld in Sources */,
				6867C1F822E0B93D00736B9E /* PhotoCollectionVC.swift in Sources */,
				6800C55022E8811E00E230BC /* Shareable.swift in Sources */,
				6867C1FA22E0BA0400736B9E /* Cell.swift in Sources */,
				6867C20122E3913900736B9E /* DataController.swift in Sources */,
				6800C54E22E880DD00E230BC /* UdacityAPI.swift in Sources */,
				6867C1F622E0B91000736B9E /* MapVC.swift in Sources */,
				6867C1E122E0A60800736B9E /* AppDelegate.swift in Sources */,
				6867C20922E39C4E00736B9E /* FlickerAPI.swift in Sources */,
				6800C55222E8814100E230BC /* StudenLocation.swift in Sources */,
				6800C55622E8838700E230BC /* LoginVC.swift in Sources */,
			);
			runOnlyForDeploymentPostprocessing = 0;
		};
/* End PBXSourcesBuildPhase section */

/* Begin PBXVariantGroup section */
		6867C1E422E0A60800736B9E /* Main.storyboard */ = {
			isa = PBXVariantGroup;
			children = (
				6867C1E522E0A60800736B9E /* Base */,
			);
			name = Main.storyboard;
			sourceTree = "<group>";
		};
		6867C1E922E0A60800736B9E /* LaunchScreen.storyboard */ = {
			isa = PBXVariantGroup;
			children = (
				6867C1EA22E0A60800736B9E /* Base */,
			);
			name = LaunchScreen.storyboard;
			sourceTree = "<group>";
		};
/* End PBXVariantGroup section */

/* Begin XCBuildConfiguration section */
		6867C1ED22E0A60800736B9E /* Debug */ = {
			isa = XCBuildConfiguration;
			buildSettings = {
				ALWAYS_SEARCH_USER_PATHS = NO;
				CLANG_ANALYZER_NONNULL = YES;
				CLANG_ANALYZER_NUMBER_OBJECT_CONVERSION = YES_AGGRESSIVE;
				CLANG_CXX_LANGUAGE_STANDARD = "gnu++14";
				CLANG_CXX_LIBRARY = "libc++";
				CLANG_ENABLE_MODULES = YES;
				CLANG_ENABLE_OBJC_ARC = YES;
				CLANG_ENABLE_OBJC_WEAK = YES;
				CLANG_WARN_BLOCK_CAPTURE_AUTORELEASING = YES;
				CLANG_WARN_BOOL_CONVERSION = YES;
				CLANG_WARN_COMMA = YES;
				CLANG_WARN_CONSTANT_CONVERSION = YES;
				CLANG_WARN_DEPRECATED_OBJC_IMPLEMENTATIONS = YES;
				CLANG_WARN_DIRECT_OBJC_ISA_USAGE = YES_ERROR;
				CLANG_WARN_DOCUMENTATION_COMMENTS = YES;
				CLANG_WARN_EMPTY_BODY = YES;
				CLANG_WARN_ENUM_CONVERSION = YES;
				CLANG_WARN_INFINITE_RECURSION = YES;
				CLANG_WARN_INT_CONVERSION = YES;
				CLANG_WARN_NON_LITERAL_NULL_CONVERSION = YES;
				CLANG_WARN_OBJC_IMPLICIT_RETAIN_SELF = YES;
				CLANG_WARN_OBJC_LITERAL_CONVERSION = YES;
				CLANG_WARN_OBJC_ROOT_CLASS = YES_ERROR;
				CLANG_WARN_RANGE_LOOP_ANALYSIS = YES;
				CLANG_WARN_STRICT_PROTOTYPES = YES;
				CLANG_WARN_SUSPICIOUS_MOVE = YES;
				CLANG_WARN_UNGUARDED_AVAILABILITY = YES_AGGRESSIVE;
				CLANG_WARN_UNREACHABLE_CODE = YES;
				CLANG_WARN__DUPLICATE_METHOD_MATCH = YES;
				CODE_SIGN_IDENTITY = "iPhone Developer";
				COPY_PHASE_STRIP = NO;
				DEBUG_INFORMATION_FORMAT = dwarf;
				ENABLE_STRICT_OBJC_MSGSEND = YES;
				ENABLE_TESTABILITY = YES;
				GCC_C_LANGUAGE_STANDARD = gnu11;
				GCC_DYNAMIC_NO_PIC = NO;
				GCC_NO_COMMON_BLOCKS = YES;
				GCC_OPTIMIZATION_LEVEL = 0;
				GCC_PREPROCESSOR_DEFINITIONS = (
					"DEBUG=1",
					"$(inherited)",
				);
				GCC_WARN_64_TO_32_BIT_CONVERSION = YES;
				GCC_WARN_ABOUT_RETURN_TYPE = YES_ERROR;
				GCC_WARN_UNDECLARED_SELECTOR = YES;
				GCC_WARN_UNINITIALIZED_AUTOS = YES_AGGRESSIVE;
				GCC_WARN_UNUSED_FUNCTION = YES;
				GCC_WARN_UNUSED_VARIABLE = YES;
				IPHONEOS_DEPLOYMENT_TARGET = 12.2;
				MTL_ENABLE_DEBUG_INFO = INCLUDE_SOURCE;
				MTL_FAST_MATH = YES;
				ONLY_ACTIVE_ARCH = YES;
				SDKROOT = iphoneos;
				SWIFT_ACTIVE_COMPILATION_CONDITIONS = DEBUG;
				SWIFT_OPTIMIZATION_LEVEL = "-Onone";
			};
			name = Debug;
		};
		6867C1EE22E0A60800736B9E /* Release */ = {
			isa = XCBuildConfiguration;
			buildSettings = {
				ALWAYS_SEARCH_USER_PATHS = NO;
				CLANG_ANALYZER_NONNULL = YES;
				CLANG_ANALYZER_NUMBER_OBJECT_CONVERSION = YES_AGGRESSIVE;
				CLANG_CXX_LANGUAGE_STANDARD = "gnu++14";
				CLANG_CXX_LIBRARY = "libc++";
				CLANG_ENABLE_MODULES = YES;
				CLANG_ENABLE_OBJC_ARC = YES;
				CLANG_ENABLE_OBJC_WEAK = YES;
				CLANG_WARN_BLOCK_CAPTURE_AUTORELEASING = YES;
				CLANG_WARN_BOOL_CONVERSION = YES;
				CLANG_WARN_COMMA = YES;
				CLANG_WARN_CONSTANT_CONVERSION = YES;
				CLANG_WARN_DEPRECATED_OBJC_IMPLEMENTATIONS = YES;
				CLANG_WARN_DIRECT_OBJC_ISA_USAGE = YES_ERROR;
				CLANG_WARN_DOCUMENTATION_COMMENTS = YES;
				CLANG_WARN_EMPTY_BODY = YES;
				CLANG_WARN_ENUM_CONVERSION = YES;
				CLANG_WARN_INFINITE_RECURSION = YES;
				CLANG_WARN_INT_CONVERSION = YES;
				CLANG_WARN_NON_LITERAL_NULL_CONVERSION = YES;
				CLANG_WARN_OBJC_IMPLICIT_RETAIN_SELF = YES;
				CLANG_WARN_OBJC_LITERAL_CONVERSION = YES;
				CLANG_WARN_OBJC_ROOT_CLASS = YES_ERROR;
				CLANG_WARN_RANGE_LOOP_ANALYSIS = YES;
				CLANG_WARN_STRICT_PROTOTYPES = YES;
				CLANG_WARN_SUSPICIOUS_MOVE = YES;
				CLANG_WARN_UNGUARDED_AVAILABILITY = YES_AGGRESSIVE;
				CLANG_WARN_UNREACHABLE_CODE = YES;
				CLANG_WARN__DUPLICATE_METHOD_MATCH = YES;
				CODE_SIGN_IDENTITY = "iPhone Developer";
				COPY_PHASE_STRIP = NO;
				DEBUG_INFORMATION_FORMAT = "dwarf-with-dsym";
				ENABLE_NS_ASSERTIONS = NO;
				ENABLE_STRICT_OBJC_MSGSEND = YES;
				GCC_C_LANGUAGE_STANDARD = gnu11;
				GCC_NO_COMMON_BLOCKS = YES;
				GCC_WARN_64_TO_32_BIT_CONVERSION = YES;
				GCC_WARN_ABOUT_RETURN_TYPE = YES_ERROR;
				GCC_WARN_UNDECLARED_SELECTOR = YES;
				GCC_WARN_UNINITIALIZED_AUTOS = YES_AGGRESSIVE;
				GCC_WARN_UNUSED_FUNCTION = YES;
				GCC_WARN_UNUSED_VARIABLE = YES;
				IPHONEOS_DEPLOYMENT_TARGET = 12.2;
				MTL_ENABLE_DEBUG_INFO = NO;
				MTL_FAST_MATH = YES;
				SDKROOT = iphoneos;
				SWIFT_COMPILATION_MODE = wholemodule;
				SWIFT_OPTIMIZATION_LEVEL = "-O";
				VALIDATE_PRODUCT = YES;
			};
			name = Release;
		};
		6867C1F022E0A60800736B9E /* Debug */ = {
			isa = XCBuildConfiguration;
			buildSettings = {
				ASSETCATALOG_COMPILER_APPICON_NAME = AppIcon;
				CODE_SIGN_STYLE = Automatic;
				DEVELOPMENT_TEAM = B3Z989GVG9;
				INFOPLIST_FILE = Virtual_Tourist_1.0/Info.plist;
				LD_RUNPATH_SEARCH_PATHS = (
					"$(inherited)",
					"@executable_path/Frameworks",
				);
				PRODUCT_BUNDLE_IDENTIFIER = "com.udacity.CollectionView.Virtual-Tourist-1-0";
				PRODUCT_NAME = "$(TARGET_NAME)";
				SWIFT_VERSION = 5.0;
				TARGETED_DEVICE_FAMILY = "1,2";
			};
			name = Debug;
		};
		6867C1F122E0A60800736B9E /* Release */ = {
			isa = XCBuildConfiguration;
			buildSettings = {
				ASSETCATALOG_COMPILER_APPICON_NAME = AppIcon;
				CODE_SIGN_STYLE = Automatic;
				DEVELOPMENT_TEAM = B3Z989GVG9;
				INFOPLIST_FILE = Virtual_Tourist_1.0/Info.plist;
				LD_RUNPATH_SEARCH_PATHS = (
					"$(inherited)",
					"@executable_path/Frameworks",
				);
				PRODUCT_BUNDLE_IDENTIFIER = "com.udacity.CollectionView.Virtual-Tourist-1-0";
				PRODUCT_NAME = "$(TARGET_NAME)";
				SWIFT_VERSION = 5.0;
				TARGETED_DEVICE_FAMILY = "1,2";
			};
			name = Release;
		};
/* End XCBuildConfiguration section */

/* Begin XCConfigurationList section */
		6867C1D822E0A60800736B9E /* Build configuration list for PBXProject "Virtual_Tourist_1.0" */ = {
			isa = XCConfigurationList;
			buildConfigurations = (
				6867C1ED22E0A60800736B9E /* Debug */,
				6867C1EE22E0A60800736B9E /* Release */,
			);
			defaultConfigurationIsVisible = 0;
			defaultConfigurationName = Release;
		};
		6867C1EF22E0A60800736B9E /* Build configuration list for PBXNativeTarget "Virtual_Tourist_1.0" */ = {
			isa = XCConfigurationList;
			buildConfigurations = (
				6867C1F022E0A60800736B9E /* Debug */,
				6867C1F122E0A60800736B9E /* Release */,
			);
			defaultConfigurationIsVisible = 0;
			defaultConfigurationName = Release;
		};
/* End XCConfigurationList section */

/* Begin XCVersionGroup section */
		6867C1FD22E0C68400736B9E /* VTDataModel.xcdatamodeld */ = {
			isa = XCVersionGroup;
			children = (
				6867C1FE22E0C68400736B9E /* VTDataModel.xcdatamodel */,
			);
			currentVersion = 6867C1FE22E0C68400736B9E /* VTDataModel.xcdatamodel */;
			path = VTDataModel.xcdatamodeld;
			sourceTree = "<group>";
			versionGroupType = wrapper.xcdatamodel;
		};
/* End XCVersionGroup section */
	};
	rootObject = 6867C1D522E0A60800736B9E /* Project object */;
}
